
Microsoft Visual Studio Solution File, Format Version 12.00
# Visual Studio Version 17
VisualStudioVersion = 17.2.32210.308
MinimumVisualStudioVersion = 10.0.40219.1
Project("{9A19103F-16F7-4668-BE54-9A1E7A4F7556}") = "WordGuess", "WordGuess\WordGuess.csproj", "{F4701734-3CF7-4BE0-89DA-220D2C0116F6}"
EndProject
Project("{FAE04EC0-301F-11D3-BF4B-00C04F79EFBC}") = "WordTests", "WordTests\WordTests.csproj", "{13BE75A8-A28A-4D68-87BE-62F1685A7621}"
EndProject
Global
	GlobalSection(SolutionConfigurationPlatforms) = preSolution
		Debug|Any CPU = Debug|Any CPU
		Release|Any CPU = Release|Any CPU
	EndGlobalSection
	GlobalSection(ProjectConfigurationPlatforms) = postSolution
		{F4701734-3CF7-4BE0-89DA-220D2C0116F6}.Debug|Any CPU.ActiveCfg = Debug|Any CPU
		{F4701734-3CF7-4BE0-89DA-220D2C0116F6}.Debug|Any CPU.Build.0 = Debug|Any CPU
		{F4701734-3CF7-4BE0-89DA-220D2C0116F6}.Debug|Any CPU.Deploy.0 = Debug|Any CPU
		{F4701734-3CF7-4BE0-89DA-220D2C0116F6}.Release|Any CPU.ActiveCfg = Release|Any CPU
		{F4701734-3CF7-4BE0-89DA-220D2C0116F6}.Release|Any CPU.Build.0 = Release|Any CPU
		{13BE75A8-A28A-4D68-87BE-62F1685A7621}.Debug|Any CPU.ActiveCfg = Debug|Any CPU
		{13BE75A8-A28A-4D68-87BE-62F1685A7621}.Debug|Any CPU.Build.0 = Debug|Any CPU
		{13BE75A8-A28A-4D68-87BE-62F1685A7621}.Release|Any CPU.ActiveCfg = Release|Any CPU
		{13BE75A8-A28A-4D68-87BE-62F1685A7621}.Release|Any CPU.Build.0 = Release|Any CPU
	EndGlobalSection
	GlobalSection(SolutionProperties) = preSolution
		HideSolutionNode = FALSE
	EndGlobalSection
	GlobalSection(ExtensibilityGlobals) = postSolution
		SolutionGuid = {37D8DF1A-DC01-4DC7-886E-D5E04CB07A5F}
	EndGlobalSection
EndGlobal
